
Microsoft Visual Studio Solution File, Format Version 12.00
# Visual Studio Version 17
VisualStudioVersion = 17.5.33516.290
MinimumVisualStudioVersion = 10.0.40219.1
Project("{9A19103F-16F7-4668-BE54-9A1E7A4F7556}") = "FactoryDesignPattern01", "FactoryDesignPattern01\FactoryDesignPattern01.csproj", "{FC8A57DD-5B6D-45B8-A26E-962DC5AE39BE}"
EndProject
Project("{9A19103F-16F7-4668-BE54-9A1E7A4F7556}") = "FactoryMethodDesignPattern01", "FactoryMethodDesignPattern01\FactoryMethodDesignPattern01.csproj", "{74C691BE-83C8-4B0C-B954-CC0F6BBEC0D0}"
EndProject
Project("{9A19103F-16F7-4668-BE54-9A1E7A4F7556}") = "AbstractFactoryDesignPattern01", "AbstractFactoryDesignPattern01\AbstractFactoryDesignPattern01.csproj", "{241D2F47-A8B0-4667-9573-B96B73A7A706}"
EndProject
Project("{FAE04EC0-301F-11D3-BF4B-00C04F79EFBC}") = "StrategyDesignPattern01", "StrategyDesignPattern01\StrategyDesignPattern01.csproj", "{9F8EF078-B760-46B9-9FA7-53D293AC3E14}"
EndProject
Project("{FAE04EC0-301F-11D3-BF4B-00C04F79EFBC}") = "StrategyDesignPattern02", "StrategyDesignPattern02\StrategyDesignPattern02.csproj", "{CA5869BE-BF04-433C-9198-CF8DA1D58DAA}"
EndProject
Global
	GlobalSection(SolutionConfigurationPlatforms) = preSolution
		Debug|Any CPU = Debug|Any CPU
		Release|Any CPU = Release|Any CPU
	EndGlobalSection
	GlobalSection(ProjectConfigurationPlatforms) = postSolution
		{FC8A57DD-5B6D-45B8-A26E-962DC5AE39BE}.Debug|Any CPU.ActiveCfg = Debug|Any CPU
		{FC8A57DD-5B6D-45B8-A26E-962DC5AE39BE}.Debug|Any CPU.Build.0 = Debug|Any CPU
		{FC8A57DD-5B6D-45B8-A26E-962DC5AE39BE}.Release|Any CPU.ActiveCfg = Release|Any CPU
		{FC8A57DD-5B6D-45B8-A26E-962DC5AE39BE}.Release|Any CPU.Build.0 = Release|Any CPU
		{74C691BE-83C8-4B0C-B954-CC0F6BBEC0D0}.Debug|Any CPU.ActiveCfg = Debug|Any CPU
		{74C691BE-83C8-4B0C-B954-CC0F6BBEC0D0}.Debug|Any CPU.Build.0 = Debug|Any CPU
		{74C691BE-83C8-4B0C-B954-CC0F6BBEC0D0}.Release|Any CPU.ActiveCfg = Release|Any CPU
		{74C691BE-83C8-4B0C-B954-CC0F6BBEC0D0}.Release|Any CPU.Build.0 = Release|Any CPU
		{241D2F47-A8B0-4667-9573-B96B73A7A706}.Debug|Any CPU.ActiveCfg = Debug|Any CPU
		{241D2F47-A8B0-4667-9573-B96B73A7A706}.Debug|Any CPU.Build.0 = Debug|Any CPU
		{241D2F47-A8B0-4667-9573-B96B73A7A706}.Release|Any CPU.ActiveCfg = Release|Any CPU
		{241D2F47-A8B0-4667-9573-B96B73A7A706}.Release|Any CPU.Build.0 = Release|Any CPU
		{9F8EF078-B760-46B9-9FA7-53D293AC3E14}.Debug|Any CPU.ActiveCfg = Debug|Any CPU
		{9F8EF078-B760-46B9-9FA7-53D293AC3E14}.Debug|Any CPU.Build.0 = Debug|Any CPU
		{9F8EF078-B760-46B9-9FA7-53D293AC3E14}.Release|Any CPU.ActiveCfg = Release|Any CPU
		{9F8EF078-B760-46B9-9FA7-53D293AC3E14}.Release|Any CPU.Build.0 = Release|Any CPU
		{CA5869BE-BF04-433C-9198-CF8DA1D58DAA}.Debug|Any CPU.ActiveCfg = Debug|Any CPU
		{CA5869BE-BF04-433C-9198-CF8DA1D58DAA}.Debug|Any CPU.Build.0 = Debug|Any CPU
		{CA5869BE-BF04-433C-9198-CF8DA1D58DAA}.Release|Any CPU.ActiveCfg = Release|Any CPU
		{CA5869BE-BF04-433C-9198-CF8DA1D58DAA}.Release|Any CPU.Build.0 = Release|Any CPU
	EndGlobalSection
	GlobalSection(SolutionProperties) = preSolution
		HideSolutionNode = FALSE
	EndGlobalSection
	GlobalSection(ExtensibilityGlobals) = postSolution
		SolutionGuid = {B0B3C361-DF71-41FD-A4B4-D6E4B5A687DA}
	EndGlobalSection
EndGlobal
