
Microsoft Visual Studio Solution File, Format Version 12.00
# Visual Studio Version 17
VisualStudioVersion = 17.5.33414.496
MinimumVisualStudioVersion = 10.0.40219.1
Project("{FAE04EC0-301F-11D3-BF4B-00C04F79EFBC}") = "HumanizerTest01", "HumanizerTest01\HumanizerTest01.csproj", "{2DDB5759-DFFA-4484-A0B8-4ABBAA96A4EC}"
EndProject
Global
	GlobalSection(SolutionConfigurationPlatforms) = preSolution
		Debug|Any CPU = Debug|Any CPU
		Release|Any CPU = Release|Any CPU
	EndGlobalSection
	GlobalSection(ProjectConfigurationPlatforms) = postSolution
		{2DDB5759-DFFA-4484-A0B8-4ABBAA96A4EC}.Debug|Any CPU.ActiveCfg = Debug|Any CPU
		{2DDB5759-DFFA-4484-A0B8-4ABBAA96A4EC}.Debug|Any CPU.Build.0 = Debug|Any CPU
		{2DDB5759-DFFA-4484-A0B8-4ABBAA96A4EC}.Release|Any CPU.ActiveCfg = Release|Any CPU
		{2DDB5759-DFFA-4484-A0B8-4ABBAA96A4EC}.Release|Any CPU.Build.0 = Release|Any CPU
	EndGlobalSection
	GlobalSection(SolutionProperties) = preSolution
		HideSolutionNode = FALSE
	EndGlobalSection
	GlobalSection(ExtensibilityGlobals) = postSolution
		SolutionGuid = {D1C6EA31-F2E3-4074-8645-ABE570F1E323}
	EndGlobalSection
EndGlobal
